// !$*UTF8*$!
{
	archiveVersion = 1;
	classes = {
	};
	objectVersion = 50;
	objects = {

/* Begin PBXBuildFile section */
		44688F7E20CBA25D005C1B38 /* TwitterCore.framework in Frameworks */ = {isa = PBXBuildFile; fileRef = 44688F7C20CBA25D005C1B38 /* TwitterCore.framework */; };
		44688F7F20CBA25D005C1B38 /* TwitterKit.framework in Frameworks */ = {isa = PBXBuildFile; fileRef = 44688F7D20CBA25D005C1B38 /* TwitterKit.framework */; };
		44B865B520CB99470003D85D /* AppDelegate.swift in Sources */ = {isa = PBXBuildFile; fileRef = 44B865B420CB99470003D85D /* AppDelegate.swift */; };
		44B865B720CB99470003D85D /* ViewController.swift in Sources */ = {isa = PBXBuildFile; fileRef = 44B865B620CB99470003D85D /* ViewController.swift */; };
		44B865BA20CB99470003D85D /* Main.storyboard in Resources */ = {isa = PBXBuildFile; fileRef = 44B865B820CB99470003D85D /* Main.storyboard */; };
		44B865BC20CB99490003D85D /* Assets.xcassets in Resources */ = {isa = PBXBuildFile; fileRef = 44B865BB20CB99490003D85D /* Assets.xcassets */; };
		44B865BF20CB99490003D85D /* LaunchScreen.storyboard in Resources */ = {isa = PBXBuildFile; fileRef = 44B865BD20CB99490003D85D /* LaunchScreen.storyboard */; };
		44B865CA20CB99490003D85D /* TwitterClientDemoAppTests.swift in Sources */ = {isa = PBXBuildFile; fileRef = 44B865C920CB99490003D85D /* TwitterClientDemoAppTests.swift */; };
		44B865D520CB99490003D85D /* TwitterClientDemoAppUITests.swift in Sources */ = {isa = PBXBuildFile; fileRef = 44B865D420CB99490003D85D /* TwitterClientDemoAppUITests.swift */; };
/* End PBXBuildFile section */

/* Begin PBXContainerItemProxy section */
		44B865C620CB99490003D85D /* PBXContainerItemProxy */ = {
			isa = PBXContainerItemProxy;
			containerPortal = 44B865A920CB99470003D85D /* Project object */;
			proxyType = 1;
			remoteGlobalIDString = 44B865B020CB99470003D85D;
			remoteInfo = TwitterClientDemoApp;
		};
		44B865D120CB99490003D85D /* PBXContainerItemProxy */ = {
			isa = PBXContainerItemProxy;
			containerPortal = 44B865A920CB99470003D85D /* Project object */;
			proxyType = 1;
			remoteGlobalIDString = 44B865B020CB99470003D85D;
			remoteInfo = TwitterClientDemoApp;
		};
/* End PBXContainerItemProxy section */

/* Begin PBXFileReference section */
		44688F7C20CBA25D005C1B38 /* TwitterCore.framework */ = {isa = PBXFileReference; lastKnownFileType = wrapper.framework; name = TwitterCore.framework; path = Carthage/Build/iOS/TwitterCore.framework; sourceTree = "<group>"; };
		44688F7D20CBA25D005C1B38 /* TwitterKit.framework */ = {isa = PBXFileReference; lastKnownFileType = wrapper.framework; name = TwitterKit.framework; path = Carthage/Build/iOS/TwitterKit.framework; sourceTree = "<group>"; };
		44B865B120CB99470003D85D /* TwitterClientDemoApp.app */ = {isa = PBXFileReference; explicitFileType = wrapper.application; includeInIndex = 0; path = TwitterClientDemoApp.app; sourceTree = BUILT_PRODUCTS_DIR; };
		44B865B420CB99470003D85D /* AppDelegate.swift */ = {isa = PBXFileReference; lastKnownFileType = sourcecode.swift; path = AppDelegate.swift; sourceTree = "<group>"; };
		44B865B620CB99470003D85D /* ViewController.swift */ = {isa = PBXFileReference; lastKnownFileType = sourcecode.swift; path = ViewController.swift; sourceTree = "<group>"; };
		44B865B920CB99470003D85D /* Base */ = {isa = PBXFileReference; lastKnownFileType = file.storyboard; name = Base; path = Base.lproj/Main.storyboard; sourceTree = "<group>"; };
		44B865BB20CB99490003D85D /* Assets.xcassets */ = {isa = PBXFileReference; lastKnownFileType = folder.assetcatalog; path = Assets.xcassets; sourceTree = "<group>"; };
		44B865BE20CB99490003D85D /* Base */ = {isa = PBXFileReference; lastKnownFileType = file.storyboard; name = Base; path = Base.lproj/LaunchScreen.storyboard; sourceTree = "<group>"; };
		44B865C020CB99490003D85D /* Info.plist */ = {isa = PBXFileReference; lastKnownFileType = text.plist.xml; path = Info.plist; sourceTree = "<group>"; };
		44B865C520CB99490003D85D /* TwitterClientDemoAppTests.xctest */ = {isa = PBXFileReference; explicitFileType = wrapper.cfbundle; includeInIndex = 0; path = TwitterClientDemoAppTests.xctest; sourceTree = BUILT_PRODUCTS_DIR; };
		44B865C920CB99490003D85D /* TwitterClientDemoAppTests.swift */ = {isa = PBXFileReference; lastKnownFileType = sourcecode.swift; path = TwitterClientDemoAppTests.swift; sourceTree = "<group>"; };
		44B865CB20CB99490003D85D /* Info.plist */ = {isa = PBXFileReference; lastKnownFileType = text.plist.xml; path = Info.plist; sourceTree = "<group>"; };
		44B865D020CB99490003D85D /* TwitterClientDemoAppUITests.xctest */ = {isa = PBXFileReference; explicitFileType = wrapper.cfbundle; includeInIndex = 0; path = TwitterClientDemoAppUITests.xctest; sourceTree = BUILT_PRODUCTS_DIR; };
		44B865D420CB99490003D85D /* TwitterClientDemoAppUITests.swift */ = {isa = PBXFileReference; lastKnownFileType = sourcecode.swift; path = TwitterClientDemoAppUITests.swift; sourceTree = "<group>"; };
		44B865D620CB99490003D85D /* Info.plist */ = {isa = PBXFileReference; lastKnownFileType = text.plist.xml; path = Info.plist; sourceTree = "<group>"; };
/* End PBXFileReference section */

/* Begin PBXFrameworksBuildPhase section */
		44B865AE20CB99470003D85D /* Frameworks */ = {
			isa = PBXFrameworksBuildPhase;
			buildActionMask = 2147483647;
			files = (
				44688F7E20CBA25D005C1B38 /* TwitterCore.framework in Frameworks */,
				44688F7F20CBA25D005C1B38 /* TwitterKit.framework in Frameworks */,
			);
			runOnlyForDeploymentPostprocessing = 0;
		};
		44B865C220CB99490003D85D /* Frameworks */ = {
			isa = PBXFrameworksBuildPhase;
			buildActionMask = 2147483647;
			files = (
			);
			runOnlyForDeploymentPostprocessing = 0;
		};
		44B865CD20CB99490003D85D /* Frameworks */ = {
			isa = PBXFrameworksBuildPhase;
			buildActionMask = 2147483647;
			files = (
			);
			runOnlyForDeploymentPostprocessing = 0;
		};
/* End PBXFrameworksBuildPhase section */

/* Begin PBXGroup section */
		44688F7B20CBA25D005C1B38 /* Frameworks */ = {
			isa = PBXGroup;
			children = (
				44688F7C20CBA25D005C1B38 /* TwitterCore.framework */,
				44688F7D20CBA25D005C1B38 /* TwitterKit.framework */,
			);
			name = Frameworks;
			sourceTree = "<group>";
		};
		44B865A820CB99470003D85D = {
			isa = PBXGroup;
			children = (
				44B865B320CB99470003D85D /* TwitterClientDemoApp */,
				44B865C820CB99490003D85D /* TwitterClientDemoAppTests */,
				44B865D320CB99490003D85D /* TwitterClientDemoAppUITests */,
				44B865B220CB99470003D85D /* Products */,
				44688F7B20CBA25D005C1B38 /* Frameworks */,
			);
			sourceTree = "<group>";
		};
		44B865B220CB99470003D85D /* Products */ = {
			isa = PBXGroup;
			children = (
				44B865B120CB99470003D85D /* TwitterClientDemoApp.app */,
				44B865C520CB99490003D85D /* TwitterClientDemoAppTests.xctest */,
				44B865D020CB99490003D85D /* TwitterClientDemoAppUITests.xctest */,
			);
			name = Products;
			sourceTree = "<group>";
		};
		44B865B320CB99470003D85D /* TwitterClientDemoApp */ = {
			isa = PBXGroup;
			children = (
				44B865E520CB9A530003D85D /* Models */,
				44B865E320CB9A320003D85D /* Views */,
				44B865E420CB9A410003D85D /* Controllers */,
				44B865E220CB9A180003D85D /* Supporting Files */,
			);
			path = TwitterClientDemoApp;
			sourceTree = "<group>";
		};
		44B865C820CB99490003D85D /* TwitterClientDemoAppTests */ = {
			isa = PBXGroup;
			children = (
				44B865C920CB99490003D85D /* TwitterClientDemoAppTests.swift */,
				44B865CB20CB99490003D85D /* Info.plist */,
			);
			path = TwitterClientDemoAppTests;
			sourceTree = "<group>";
		};
		44B865D320CB99490003D85D /* TwitterClientDemoAppUITests */ = {
			isa = PBXGroup;
			children = (
				44B865D420CB99490003D85D /* TwitterClientDemoAppUITests.swift */,
				44B865D620CB99490003D85D /* Info.plist */,
			);
			path = TwitterClientDemoAppUITests;
			sourceTree = "<group>";
		};
		44B865E220CB9A180003D85D /* Supporting Files */ = {
			isa = PBXGroup;
			children = (
				44B865BB20CB99490003D85D /* Assets.xcassets */,
				44B865BD20CB99490003D85D /* LaunchScreen.storyboard */,
				44B865B420CB99470003D85D /* AppDelegate.swift */,
				44B865C020CB99490003D85D /* Info.plist */,
			);
			name = "Supporting Files";
			sourceTree = "<group>";
		};
		44B865E320CB9A320003D85D /* Views */ = {
			isa = PBXGroup;
			children = (
				44B865B820CB99470003D85D /* Main.storyboard */,
			);
			name = Views;
			sourceTree = "<group>";
		};
		44B865E420CB9A410003D85D /* Controllers */ = {
			isa = PBXGroup;
			children = (
				44B865B620CB99470003D85D /* ViewController.swift */,
			);
			name = Controllers;
			sourceTree = "<group>";
		};
		44B865E520CB9A530003D85D /* Models */ = {
			isa = PBXGroup;
			children = (
			);
			name = Models;
			sourceTree = "<group>";
		};
/* End PBXGroup section */

/* Begin PBXNativeTarget section */
		44B865B020CB99470003D85D /* TwitterClientDemoApp */ = {
			isa = PBXNativeTarget;
			buildConfigurationList = 44B865D920CB99490003D85D /* Build configuration list for PBXNativeTarget "TwitterClientDemoApp" */;
			buildPhases = (
				44B865AD20CB99470003D85D /* Sources */,
				44B865AE20CB99470003D85D /* Frameworks */,
				44B865AF20CB99470003D85D /* Resources */,
				44688F8020CBA29F005C1B38 /* ShellScript */,
			);
			buildRules = (
			);
			dependencies = (
			);
			name = TwitterClientDemoApp;
			productName = TwitterClientDemoApp;
			productReference = 44B865B120CB99470003D85D /* TwitterClientDemoApp.app */;
			productType = "com.apple.product-type.application";
		};
		44B865C420CB99490003D85D /* TwitterClientDemoAppTests */ = {
			isa = PBXNativeTarget;
			buildConfigurationList = 44B865DC20CB99490003D85D /* Build configuration list for PBXNativeTarget "TwitterClientDemoAppTests" */;
			buildPhases = (
				44B865C120CB99490003D85D /* Sources */,
				44B865C220CB99490003D85D /* Frameworks */,
				44B865C320CB99490003D85D /* Resources */,
			);
			buildRules = (
			);
			dependencies = (
				44B865C720CB99490003D85D /* PBXTargetDependency */,
			);
			name = TwitterClientDemoAppTests;
			productName = TwitterClientDemoAppTests;
			productReference = 44B865C520CB99490003D85D /* TwitterClientDemoAppTests.xctest */;
			productType = "com.apple.product-type.bundle.unit-test";
		};
		44B865CF20CB99490003D85D /* TwitterClientDemoAppUITests */ = {
			isa = PBXNativeTarget;
			buildConfigurationList = 44B865DF20CB99490003D85D /* Build configuration list for PBXNativeTarget "TwitterClientDemoAppUITests" */;
			buildPhases = (
				44B865CC20CB99490003D85D /* Sources */,
				44B865CD20CB99490003D85D /* Frameworks */,
				44B865CE20CB99490003D85D /* Resources */,
			);
			buildRules = (
			);
			dependencies = (
				44B865D220CB99490003D85D /* PBXTargetDependency */,
			);
			name = TwitterClientDemoAppUITests;
			productName = TwitterClientDemoAppUITests;
			productReference = 44B865D020CB99490003D85D /* TwitterClientDemoAppUITests.xctest */;
			productType = "com.apple.product-type.bundle.ui-testing";
		};
/* End PBXNativeTarget section */

/* Begin PBXProject section */
		44B865A920CB99470003D85D /* Project object */ = {
			isa = PBXProject;
			attributes = {
				LastSwiftUpdateCheck = 0940;
				LastUpgradeCheck = 0940;
				ORGANIZATIONNAME = "JilinStudio, Inc";
				TargetAttributes = {
					44B865B020CB99470003D85D = {
						CreatedOnToolsVersion = 9.4;
					};
					44B865C420CB99490003D85D = {
						CreatedOnToolsVersion = 9.4;
						TestTargetID = 44B865B020CB99470003D85D;
					};
					44B865CF20CB99490003D85D = {
						CreatedOnToolsVersion = 9.4;
						TestTargetID = 44B865B020CB99470003D85D;
					};
				};
			};
			buildConfigurationList = 44B865AC20CB99470003D85D /* Build configuration list for PBXProject "TwitterClientDemoApp" */;
			compatibilityVersion = "Xcode 9.3";
			developmentRegion = en;
			hasScannedForEncodings = 0;
			knownRegions = (
				en,
				Base,
			);
			mainGroup = 44B865A820CB99470003D85D;
			productRefGroup = 44B865B220CB99470003D85D /* Products */;
			projectDirPath = "";
			projectRoot = "";
			targets = (
				44B865B020CB99470003D85D /* TwitterClientDemoApp */,
				44B865C420CB99490003D85D /* TwitterClientDemoAppTests */,
				44B865CF20CB99490003D85D /* TwitterClientDemoAppUITests */,
			);
		};
/* End PBXProject section */

/* Begin PBXResourcesBuildPhase section */
		44B865AF20CB99470003D85D /* Resources */ = {
			isa = PBXResourcesBuildPhase;
			buildActionMask = 2147483647;
			files = (
				44B865BF20CB99490003D85D /* LaunchScreen.storyboard in Resources */,
				44B865BC20CB99490003D85D /* Assets.xcassets in Resources */,
				44B865BA20CB99470003D85D /* Main.storyboard in Resources */,
			);
			runOnlyForDeploymentPostprocessing = 0;
		};
		44B865C320CB99490003D85D /* Resources */ = {
			isa = PBXResourcesBuildPhase;
			buildActionMask = 2147483647;
			files = (
			);
			runOnlyForDeploymentPostprocessing = 0;
		};
		44B865CE20CB99490003D85D /* Resources */ = {
			isa = PBXResourcesBuildPhase;
			buildActionMask = 2147483647;
			files = (
			);
			runOnlyForDeploymentPostprocessing = 0;
		};
/* End PBXResourcesBuildPhase section */

/* Begin PBXShellScriptBuildPhase section */
		44688F8020CBA29F005C1B38 /* ShellScript */ = {
			isa = PBXShellScriptBuildPhase;
			buildActionMask = 2147483647;
			files = (
			);
			inputPaths = (
				"$(SRCROOT)/Carthage/Build/iOS/TwitterCore.framework",
				"$(SRCROOT)/Carthage/Build/iOS/TwitterKit.framework",
			);
			outputPaths = (
			);
			runOnlyForDeploymentPostprocessing = 0;
			shellPath = /bin/sh;
			shellScript = "/usr/local/bin/carthage copy-frameworks";
		};
/* End PBXShellScriptBuildPhase section */

/* Begin PBXSourcesBuildPhase section */
		44B865AD20CB99470003D85D /* Sources */ = {
			isa = PBXSourcesBuildPhase;
			buildActionMask = 2147483647;
			files = (
				44B865B720CB99470003D85D /* ViewController.swift in Sources */,
				44B865B520CB99470003D85D /* AppDelegate.swift in Sources */,
			);
			runOnlyForDeploymentPostprocessing = 0;
		};
		44B865C120CB99490003D85D /* Sources */ = {
			isa = PBXSourcesBuildPhase;
			buildActionMask = 2147483647;
			files = (
				44B865CA20CB99490003D85D /* TwitterClientDemoAppTests.swift in Sources */,
			);
			runOnlyForDeploymentPostprocessing = 0;
		};
		44B865CC20CB99490003D85D /* Sources */ = {
			isa = PBXSourcesBuildPhase;
			buildActionMask = 2147483647;
			files = (
				44B865D520CB99490003D85D /* TwitterClientDemoAppUITests.swift in Sources */,
			);
			runOnlyForDeploymentPostprocessing = 0;
		};
/* End PBXSourcesBuildPhase section */

/* Begin PBXTargetDependency section */
		44B865C720CB99490003D85D /* PBXTargetDependency */ = {
			isa = PBXTargetDependency;
			target = 44B865B020CB99470003D85D /* TwitterClientDemoApp */;
			targetProxy = 44B865C620CB99490003D85D /* PBXContainerItemProxy */;
		};
		44B865D220CB99490003D85D /* PBXTargetDependency */ = {
			isa = PBXTargetDependency;
			target = 44B865B020CB99470003D85D /* TwitterClientDemoApp */;
			targetProxy = 44B865D120CB99490003D85D /* PBXContainerItemProxy */;
		};
/* End PBXTargetDependency section */

/* Begin PBXVariantGroup section */
		44B865B820CB99470003D85D /* Main.storyboard */ = {
			isa = PBXVariantGroup;
			children = (
				44B865B920CB99470003D85D /* Base */,
			);
			name = Main.storyboard;
			sourceTree = "<group>";
		};
		44B865BD20CB99490003D85D /* LaunchScreen.storyboard */ = {
			isa = PBXVariantGroup;
			children = (
				44B865BE20CB99490003D85D /* Base */,
			);
			name = LaunchScreen.storyboard;
			sourceTree = "<group>";
		};
/* End PBXVariantGroup section */

/* Begin XCBuildConfiguration section */
		44B865D720CB99490003D85D /* Debug */ = {
			isa = XCBuildConfiguration;
			buildSettings = {
				ALWAYS_SEARCH_USER_PATHS = NO;
				CLANG_ANALYZER_NONNULL = YES;
				CLANG_ANALYZER_NUMBER_OBJECT_CONVERSION = YES_AGGRESSIVE;
				CLANG_CXX_LANGUAGE_STANDARD = "gnu++14";
				CLANG_CXX_LIBRARY = "libc++";
				CLANG_ENABLE_MODULES = YES;
				CLANG_ENABLE_OBJC_ARC = YES;
				CLANG_ENABLE_OBJC_WEAK = YES;
				CLANG_WARN_BLOCK_CAPTURE_AUTORELEASING = YES;
				CLANG_WARN_BOOL_CONVERSION = YES;
				CLANG_WARN_COMMA = YES;
				CLANG_WARN_CONSTANT_CONVERSION = YES;
				CLANG_WARN_DEPRECATED_OBJC_IMPLEMENTATIONS = YES;
				CLANG_WARN_DIRECT_OBJC_ISA_USAGE = YES_ERROR;
				CLANG_WARN_DOCUMENTATION_COMMENTS = YES;
				CLANG_WARN_EMPTY_BODY = YES;
				CLANG_WARN_ENUM_CONVERSION = YES;
				CLANG_WARN_INFINITE_RECURSION = YES;
				CLANG_WARN_INT_CONVERSION = YES;
				CLANG_WARN_NON_LITERAL_NULL_CONVERSION = YES;
				CLANG_WARN_OBJC_IMPLICIT_RETAIN_SELF = YES;
				CLANG_WARN_OBJC_LITERAL_CONVERSION = YES;
				CLANG_WARN_OBJC_ROOT_CLASS = YES_ERROR;
				CLANG_WARN_RANGE_LOOP_ANALYSIS = YES;
				CLANG_WARN_STRICT_PROTOTYPES = YES;
				CLANG_WARN_SUSPICIOUS_MOVE = YES;
				CLANG_WARN_UNGUARDED_AVAILABILITY = YES_AGGRESSIVE;
				CLANG_WARN_UNREACHABLE_CODE = YES;
				CLANG_WARN__DUPLICATE_METHOD_MATCH = YES;
				CODE_SIGN_IDENTITY = "iPhone Developer";
				COPY_PHASE_STRIP = NO;
				DEBUG_INFORMATION_FORMAT = dwarf;
				ENABLE_STRICT_OBJC_MSGSEND = YES;
				ENABLE_TESTABILITY = YES;
				GCC_C_LANGUAGE_STANDARD = gnu11;
				GCC_DYNAMIC_NO_PIC = NO;
				GCC_NO_COMMON_BLOCKS = YES;
				GCC_OPTIMIZATION_LEVEL = 0;
				GCC_PREPROCESSOR_DEFINITIONS = (
					"DEBUG=1",
					"$(inherited)",
				);
				GCC_WARN_64_TO_32_BIT_CONVERSION = YES;
				GCC_WARN_ABOUT_RETURN_TYPE = YES_ERROR;
				GCC_WARN_UNDECLARED_SELECTOR = YES;
				GCC_WARN_UNINITIALIZED_AUTOS = YES_AGGRESSIVE;
				GCC_WARN_UNUSED_FUNCTION = YES;
				GCC_WARN_UNUSED_VARIABLE = YES;
				IPHONEOS_DEPLOYMENT_TARGET = 11.4;
				MTL_ENABLE_DEBUG_INFO = YES;
				ONLY_ACTIVE_ARCH = YES;
				SDKROOT = iphoneos;
				SWIFT_ACTIVE_COMPILATION_CONDITIONS = DEBUG;
				SWIFT_OPTIMIZATION_LEVEL = "-Onone";
			};
			name = Debug;
		};
		44B865D820CB99490003D85D /* Release */ = {
			isa = XCBuildConfiguration;
			buildSettings = {
				ALWAYS_SEARCH_USER_PATHS = NO;
				CLANG_ANALYZER_NONNULL = YES;
				CLANG_ANALYZER_NUMBER_OBJECT_CONVERSION = YES_AGGRESSIVE;
				CLANG_CXX_LANGUAGE_STANDARD = "gnu++14";
				CLANG_CXX_LIBRARY = "libc++";
				CLANG_ENABLE_MODULES = YES;
				CLANG_ENABLE_OBJC_ARC = YES;
				CLANG_ENABLE_OBJC_WEAK = YES;
				CLANG_WARN_BLOCK_CAPTURE_AUTORELEASING = YES;
				CLANG_WARN_BOOL_CONVERSION = YES;
				CLANG_WARN_COMMA = YES;
				CLANG_WARN_CONSTANT_CONVERSION = YES;
				CLANG_WARN_DEPRECATED_OBJC_IMPLEMENTATIONS = YES;
				CLANG_WARN_DIRECT_OBJC_ISA_USAGE = YES_ERROR;
				CLANG_WARN_DOCUMENTATION_COMMENTS = YES;
				CLANG_WARN_EMPTY_BODY = YES;
				CLANG_WARN_ENUM_CONVERSION = YES;
				CLANG_WARN_INFINITE_RECURSION = YES;
				CLANG_WARN_INT_CONVERSION = YES;
				CLANG_WARN_NON_LITERAL_NULL_CONVERSION = YES;
				CLANG_WARN_OBJC_IMPLICIT_RETAIN_SELF = YES;
				CLANG_WARN_OBJC_LITERAL_CONVERSION = YES;
				CLANG_WARN_OBJC_ROOT_CLASS = YES_ERROR;
				CLANG_WARN_RANGE_LOOP_ANALYSIS = YES;
				CLANG_WARN_STRICT_PROTOTYPES = YES;
				CLANG_WARN_SUSPICIOUS_MOVE = YES;
				CLANG_WARN_UNGUARDED_AVAILABILITY = YES_AGGRESSIVE;
				CLANG_WARN_UNREACHABLE_CODE = YES;
				CLANG_WARN__DUPLICATE_METHOD_MATCH = YES;
				CODE_SIGN_IDENTITY = "iPhone Developer";
				COPY_PHASE_STRIP = NO;
				DEBUG_INFORMATION_FORMAT = "dwarf-with-dsym";
				ENABLE_NS_ASSERTIONS = NO;
				ENABLE_STRICT_OBJC_MSGSEND = YES;
				GCC_C_LANGUAGE_STANDARD = gnu11;
				GCC_NO_COMMON_BLOCKS = YES;
				GCC_WARN_64_TO_32_BIT_CONVERSION = YES;
				GCC_WARN_ABOUT_RETURN_TYPE = YES_ERROR;
				GCC_WARN_UNDECLARED_SELECTOR = YES;
				GCC_WARN_UNINITIALIZED_AUTOS = YES_AGGRESSIVE;
				GCC_WARN_UNUSED_FUNCTION = YES;
				GCC_WARN_UNUSED_VARIABLE = YES;
				IPHONEOS_DEPLOYMENT_TARGET = 11.4;
				MTL_ENABLE_DEBUG_INFO = NO;
				SDKROOT = iphoneos;
				SWIFT_COMPILATION_MODE = wholemodule;
				SWIFT_OPTIMIZATION_LEVEL = "-O";
				VALIDATE_PRODUCT = YES;
			};
			name = Release;
		};
		44B865DA20CB99490003D85D /* Debug */ = {
			isa = XCBuildConfiguration;
			buildSettings = {
				ASSETCATALOG_COMPILER_APPICON_NAME = AppIcon;
				CODE_SIGN_STYLE = Automatic;
				DEVELOPMENT_TEAM = AMV8UJ36K9;
				FRAMEWORK_SEARCH_PATHS = (
					"$(inherited)",
					"$(PROJECT_DIR)/Carthage/Build/iOS",
				);
				INFOPLIST_FILE = TwitterClientDemoApp/Info.plist;
				LD_RUNPATH_SEARCH_PATHS = (
					"$(inherited)",
					"@executable_path/Frameworks",
				);
				PRODUCT_BUNDLE_IDENTIFIER = com.JilinStudio.TwitterClientDemoApp;
				PRODUCT_NAME = "$(TARGET_NAME)";
				SWIFT_VERSION = 4.0;
				TARGETED_DEVICE_FAMILY = "1,2";
			};
			name = Debug;
		};
		44B865DB20CB99490003D85D /* Release */ = {
			isa = XCBuildConfiguration;
			buildSettings = {
				ASSETCATALOG_COMPILER_APPICON_NAME = AppIcon;
				CODE_SIGN_STYLE = Automatic;
				DEVELOPMENT_TEAM = AMV8UJ36K9;
				FRAMEWORK_SEARCH_PATHS = (
					"$(inherited)",
					"$(PROJECT_DIR)/Carthage/Build/iOS",
				);
				INFOPLIST_FILE = TwitterClientDemoApp/Info.plist;
				LD_RUNPATH_SEARCH_PATHS = (
					"$(inherited)",
					"@executable_path/Frameworks",
				);
				PRODUCT_BUNDLE_IDENTIFIER = com.JilinStudio.TwitterClientDemoApp;
				PRODUCT_NAME = "$(TARGET_NAME)";
				SWIFT_VERSION = 4.0;
				TARGETED_DEVICE_FAMILY = "1,2";
			};
			name = Release;
		};
		44B865DD20CB99490003D85D /* Debug */ = {
			isa = XCBuildConfiguration;
			buildSettings = {
				ALWAYS_EMBED_SWIFT_STANDARD_LIBRARIES = YES;
				BUNDLE_LOADER = "$(TEST_HOST)";
				CODE_SIGN_STYLE = Automatic;
				DEVELOPMENT_TEAM = AMV8UJ36K9;
				INFOPLIST_FILE = TwitterClientDemoAppTests/Info.plist;
				LD_RUNPATH_SEARCH_PATHS = (
					"$(inherited)",
					"@executable_path/Frameworks",
					"@loader_path/Frameworks",
				);
				PRODUCT_BUNDLE_IDENTIFIER = com.JilinStudio.TwitterClientDemoAppTests;
				PRODUCT_NAME = "$(TARGET_NAME)";
				SWIFT_VERSION = 4.0;
				TARGETED_DEVICE_FAMILY = "1,2";
				TEST_HOST = "$(BUILT_PRODUCTS_DIR)/TwitterClientDemoApp.app/TwitterClientDemoApp";
			};
			name = Debug;
		};
		44B865DE20CB99490003D85D /* Release */ = {
			isa = XCBuildConfiguration;
			buildSettings = {
				ALWAYS_EMBED_SWIFT_STANDARD_LIBRARIES = YES;
				BUNDLE_LOADER = "$(TEST_HOST)";
				CODE_SIGN_STYLE = Automatic;
				DEVELOPMENT_TEAM = AMV8UJ36K9;
				INFOPLIST_FILE = TwitterClientDemoAppTests/Info.plist;
				LD_RUNPATH_SEARCH_PATHS = (
					"$(inherited)",
					"@executable_path/Frameworks",
					"@loader_path/Frameworks",
				);
				PRODUCT_BUNDLE_IDENTIFIER = com.JilinStudio.TwitterClientDemoAppTests;
				PRODUCT_NAME = "$(TARGET_NAME)";
				SWIFT_VERSION = 4.0;
				TARGETED_DEVICE_FAMILY = "1,2";
				TEST_HOST = "$(BUILT_PRODUCTS_DIR)/TwitterClientDemoApp.app/TwitterClientDemoApp";
			};
			name = Release;
		};
		44B865E020CB99490003D85D /* Debug */ = {
			isa = XCBuildConfiguration;
			buildSettings = {
				ALWAYS_EMBED_SWIFT_STANDARD_LIBRARIES = YES;
				CODE_SIGN_STYLE = Automatic;
				DEVELOPMENT_TEAM = AMV8UJ36K9;
				INFOPLIST_FILE = TwitterClientDemoAppUITests/Info.plist;
				LD_RUNPATH_SEARCH_PATHS = (
					"$(inherited)",
					"@executable_path/Frameworks",
					"@loader_path/Frameworks",
				);
				PRODUCT_BUNDLE_IDENTIFIER = com.JilinStudio.TwitterClientDemoAppUITests;
				PRODUCT_NAME = "$(TARGET_NAME)";
				SWIFT_VERSION = 4.0;
				TARGETED_DEVICE_FAMILY = "1,2";
				TEST_TARGET_NAME = TwitterClientDemoApp;
			};
			name = Debug;
		};
		44B865E120CB99490003D85D /* Release */ = {
			isa = XCBuildConfiguration;
			buildSettings = {
				ALWAYS_EMBED_SWIFT_STANDARD_LIBRARIES = YES;
				CODE_SIGN_STYLE = Automatic;
				DEVELOPMENT_TEAM = AMV8UJ36K9;
				INFOPLIST_FILE = TwitterClientDemoAppUITests/Info.plist;
				LD_RUNPATH_SEARCH_PATHS = (
					"$(inherited)",
					"@executable_path/Frameworks",
					"@loader_path/Frameworks",
				);
				PRODUCT_BUNDLE_IDENTIFIER = com.JilinStudio.TwitterClientDemoAppUITests;
				PRODUCT_NAME = "$(TARGET_NAME)";
				SWIFT_VERSION = 4.0;
				TARGETED_DEVICE_FAMILY = "1,2";
				TEST_TARGET_NAME = TwitterClientDemoApp;
			};
			name = Release;
		};
/* End XCBuildConfiguration section */

/* Begin XCConfigurationList section */
		44B865AC20CB99470003D85D /* Build configuration list for PBXProject "TwitterClientDemoApp" */ = {
			isa = XCConfigurationList;
			buildConfigurations = (
				44B865D720CB99490003D85D /* Debug */,
				44B865D820CB99490003D85D /* Release */,
			);
			defaultConfigurationIsVisible = 0;
			defaultConfigurationName = Release;
		};
		44B865D920CB99490003D85D /* Build configuration list for PBXNativeTarget "TwitterClientDemoApp" */ = {
			isa = XCConfigurationList;
			buildConfigurations = (
				44B865DA20CB99490003D85D /* Debug */,
				44B865DB20CB99490003D85D /* Release */,
			);
			defaultConfigurationIsVisible = 0;
			defaultConfigurationName = Release;
		};
		44B865DC20CB99490003D85D /* Build configuration list for PBXNativeTarget "TwitterClientDemoAppTests" */ = {
			isa = XCConfigurationList;
			buildConfigurations = (
				44B865DD20CB99490003D85D /* Debug */,
				44B865DE20CB99490003D85D /* Release */,
			);
			defaultConfigurationIsVisible = 0;
			defaultConfigurationName = Release;
		};
		44B865DF20CB99490003D85D /* Build configuration list for PBXNativeTarget "TwitterClientDemoAppUITests" */ = {
			isa = XCConfigurationList;
			buildConfigurations = (
				44B865E020CB99490003D85D /* Debug */,
				44B865E120CB99490003D85D /* Release */,
			);
			defaultConfigurationIsVisible = 0;
			defaultConfigurationName = Release;
		};
/* End XCConfigurationList section */
	};
	rootObject = 44B865A920CB99470003D85D /* Project object */;
}
